
Microsoft Visual Studio Solution File, Format Version 12.00
# Visual Studio Version 17
VisualStudioVersion = 17.14.36408.4 d17.14
MinimumVisualStudioVersion = 10.0.40219.1
Project("{FAE04EC0-301F-11D3-BF4B-00C04F79EFBC}") = "PasswordGenerator", "PasswordGenerator\PasswordGenerator.csproj", "{9AF99184-F6DA-4144-8CF8-6D0CBD7AA053}"
EndProject
Global
	GlobalSection(SolutionConfigurationPlatforms) = preSolution
		Debug|Any CPU = Debug|Any CPU
		Release|Any CPU = Release|Any CPU
	EndGlobalSection
	GlobalSection(ProjectConfigurationPlatforms) = postSolution
		{9AF99184-F6DA-4144-8CF8-6D0CBD7AA053}.Debug|Any CPU.ActiveCfg = Debug|Any CPU
		{9AF99184-F6DA-4144-8CF8-6D0CBD7AA053}.Debug|Any CPU.Build.0 = Debug|Any CPU
		{9AF99184-F6DA-4144-8CF8-6D0CBD7AA053}.Release|Any CPU.ActiveCfg = Release|Any CPU
		{9AF99184-F6DA-4144-8CF8-6D0CBD7AA053}.Release|Any CPU.Build.0 = Release|Any CPU
	EndGlobalSection
	GlobalSection(SolutionProperties) = preSolution
		HideSolutionNode = FALSE
	EndGlobalSection
	GlobalSection(ExtensibilityGlobals) = postSolution
		SolutionGuid = {F1579835-93B2-4BB0-86F1-F3B9F9C2967D}
	EndGlobalSection
EndGlobal
